// !$*UTF8*$!
{
	archiveVersion = 1;
	classes = {
	};
	objectVersion = 56;
	objects = {

/* Begin PBXBuildFile section */
		56000CDD2B4CC4B000E5F927 /* LocationsListView.swift in Sources */ = {isa = PBXBuildFile; fileRef = 56000CDC2B4CC4B000E5F927 /* LocationsListView.swift */; };
		56288B762B4B02270057CD0A /* RomeAppApp.swift in Sources */ = {isa = PBXBuildFile; fileRef = 56288B752B4B02270057CD0A /* RomeAppApp.swift */; };
		56288B782B4B02270057CD0A /* ContentView.swift in Sources */ = {isa = PBXBuildFile; fileRef = 56288B772B4B02270057CD0A /* ContentView.swift */; };
		56288B7D2B4B02270057CD0A /* Preview Assets.xcassets in Resources */ = {isa = PBXBuildFile; fileRef = 56288B7C2B4B02270057CD0A /* Preview Assets.xcassets */; };
		56288B912B4B023C0057CD0A /* LocationsDataService.swift in Sources */ = {isa = PBXBuildFile; fileRef = 56288B862B4B023C0057CD0A /* LocationsDataService.swift */; };
		56288B922B4B023C0057CD0A /* Location.swift in Sources */ = {isa = PBXBuildFile; fileRef = 56288B882B4B023C0057CD0A /* Location.swift */; };
		56288B942B4B023C0057CD0A /* LocationsView.swift in Sources */ = {isa = PBXBuildFile; fileRef = 56288B8B2B4B023C0057CD0A /* LocationsView.swift */; };
		56288B952B4B023C0057CD0A /* Assets.xcassets in Resources */ = {isa = PBXBuildFile; fileRef = 56288B8C2B4B023C0057CD0A /* Assets.xcassets */; };
		56288B972B4B023C0057CD0A /* LocationsViewModel.swift in Sources */ = {isa = PBXBuildFile; fileRef = 56288B8F2B4B023C0057CD0A /* LocationsViewModel.swift */; };
/* End PBXBuildFile section */

/* Begin PBXFileReference section */
		56000CDC2B4CC4B000E5F927 /* LocationsListView.swift */ = {isa = PBXFileReference; lastKnownFileType = sourcecode.swift; path = LocationsListView.swift; sourceTree = "<group>"; };
		56288B722B4B02270057CD0A /* RomeApp.app */ = {isa = PBXFileReference; explicitFileType = wrapper.application; includeInIndex = 0; path = RomeApp.app; sourceTree = BUILT_PRODUCTS_DIR; };
		56288B752B4B02270057CD0A /* RomeAppApp.swift */ = {isa = PBXFileReference; lastKnownFileType = sourcecode.swift; path = RomeAppApp.swift; sourceTree = "<group>"; };
		56288B772B4B02270057CD0A /* ContentView.swift */ = {isa = PBXFileReference; lastKnownFileType = sourcecode.swift; path = ContentView.swift; sourceTree = "<group>"; };
		56288B7C2B4B02270057CD0A /* Preview Assets.xcassets */ = {isa = PBXFileReference; lastKnownFileType = folder.assetcatalog; path = "Preview Assets.xcassets"; sourceTree = "<group>"; };
		56288B862B4B023C0057CD0A /* LocationsDataService.swift */ = {isa = PBXFileReference; fileEncoding = 4; lastKnownFileType = sourcecode.swift; path = LocationsDataService.swift; sourceTree = "<group>"; };
		56288B882B4B023C0057CD0A /* Location.swift */ = {isa = PBXFileReference; fileEncoding = 4; lastKnownFileType = sourcecode.swift; path = Location.swift; sourceTree = "<group>"; };
		56288B8B2B4B023C0057CD0A /* LocationsView.swift */ = {isa = PBXFileReference; fileEncoding = 4; lastKnownFileType = sourcecode.swift; path = LocationsView.swift; sourceTree = "<group>"; };
		56288B8C2B4B023C0057CD0A /* Assets.xcassets */ = {isa = PBXFileReference; lastKnownFileType = folder.assetcatalog; name = Assets.xcassets; path = "Preview Content/Assets.xcassets"; sourceTree = "<group>"; };
		56288B8F2B4B023C0057CD0A /* LocationsViewModel.swift */ = {isa = PBXFileReference; fileEncoding = 4; lastKnownFileType = sourcecode.swift; path = LocationsViewModel.swift; sourceTree = "<group>"; };
/* End PBXFileReference section */

/* Begin PBXFrameworksBuildPhase section */
		56288B6F2B4B02270057CD0A /* Frameworks */ = {
			isa = PBXFrameworksBuildPhase;
			buildActionMask = 2147483647;
			files = (
			);
			runOnlyForDeploymentPostprocessing = 0;
		};
/* End PBXFrameworksBuildPhase section */

/* Begin PBXGroup section */
		56288B692B4B02260057CD0A = {
			isa = PBXGroup;
			children = (
				56288B742B4B02270057CD0A /* RomeApp */,
				56288B732B4B02270057CD0A /* Products */,
			);
			sourceTree = "<group>";
		};
		56288B732B4B02270057CD0A /* Products */ = {
			isa = PBXGroup;
			children = (
				56288B722B4B02270057CD0A /* RomeApp.app */,
			);
			name = Products;
			sourceTree = "<group>";
		};
		56288B742B4B02270057CD0A /* RomeApp */ = {
			isa = PBXGroup;
			children = (
				56288B8A2B4B023C0057CD0A /* Views */,
				56288B8E2B4B023C0057CD0A /* ViewModels */,
				56288B872B4B023C0057CD0A /* Models */,
				56288B852B4B023C0057CD0A /* DataServices */,
				56288B8C2B4B023C0057CD0A /* Assets.xcassets */,
				56288B752B4B02270057CD0A /* RomeAppApp.swift */,
				56288B772B4B02270057CD0A /* ContentView.swift */,
				56288B7B2B4B02270057CD0A /* Preview Content */,
			);
			path = RomeApp;
			sourceTree = "<group>";
		};
		56288B7B2B4B02270057CD0A /* Preview Content */ = {
			isa = PBXGroup;
			children = (
				56288B7C2B4B02270057CD0A /* Preview Assets.xcassets */,
			);
			path = "Preview Content";
			sourceTree = "<group>";
		};
		56288B852B4B023C0057CD0A /* DataServices */ = {
			isa = PBXGroup;
			children = (
				56288B862B4B023C0057CD0A /* LocationsDataService.swift */,
			);
			path = DataServices;
			sourceTree = "<group>";
		};
		56288B872B4B023C0057CD0A /* Models */ = {
			isa = PBXGroup;
			children = (
				56288B882B4B023C0057CD0A /* Location.swift */,
			);
			path = Models;
			sourceTree = "<group>";
		};
		56288B8A2B4B023C0057CD0A /* Views */ = {
			isa = PBXGroup;
			children = (
				56288B8B2B4B023C0057CD0A /* LocationsView.swift */,
				56000CDC2B4CC4B000E5F927 /* LocationsListView.swift */,
			);
			path = Views;
			sourceTree = "<group>";
		};
		56288B8E2B4B023C0057CD0A /* ViewModels */ = {
			isa = PBXGroup;
			children = (
				56288B8F2B4B023C0057CD0A /* LocationsViewModel.swift */,
			);
			path = ViewModels;
			sourceTree = "<group>";
		};
/* End PBXGroup section */

/* Begin PBXNativeTarget section */
		56288B712B4B02270057CD0A /* RomeApp */ = {
			isa = PBXNativeTarget;
			buildConfigurationList = 56288B802B4B02270057CD0A /* Build configuration list for PBXNativeTarget "RomeApp" */;
			buildPhases = (
				56288B6E2B4B02270057CD0A /* Sources */,
				56288B6F2B4B02270057CD0A /* Frameworks */,
				56288B702B4B02270057CD0A /* Resources */,
			);
			buildRules = (
			);
			dependencies = (
			);
			name = RomeApp;
			productName = RomeApp;
			productReference = 56288B722B4B02270057CD0A /* RomeApp.app */;
			productType = "com.apple.product-type.application";
		};
/* End PBXNativeTarget section */

/* Begin PBXProject section */
		56288B6A2B4B02260057CD0A /* Project object */ = {
			isa = PBXProject;
			attributes = {
				BuildIndependentTargetsInParallel = 1;
				LastSwiftUpdateCheck = 1520;
				LastUpgradeCheck = 1520;
				TargetAttributes = {
					56288B712B4B02270057CD0A = {
						CreatedOnToolsVersion = 15.2;
					};
				};
			};
			buildConfigurationList = 56288B6D2B4B02260057CD0A /* Build configuration list for PBXProject "RomeApp" */;
			compatibilityVersion = "Xcode 14.0";
			developmentRegion = en;
			hasScannedForEncodings = 0;
			knownRegions = (
				en,
				Base,
			);
			mainGroup = 56288B692B4B02260057CD0A;
			productRefGroup = 56288B732B4B02270057CD0A /* Products */;
			projectDirPath = "";
			projectRoot = "";
			targets = (
				56288B712B4B02270057CD0A /* RomeApp */,
			);
		};
/* End PBXProject section */

/* Begin PBXResourcesBuildPhase section */
		56288B702B4B02270057CD0A /* Resources */ = {
			isa = PBXResourcesBuildPhase;
			buildActionMask = 2147483647;
			files = (
				56288B7D2B4B02270057CD0A /* Preview Assets.xcassets in Resources */,
				56288B952B4B023C0057CD0A /* Assets.xcassets in Resources */,
			);
			runOnlyForDeploymentPostprocessing = 0;
		};
/* End PBXResourcesBuildPhase section */

/* Begin PBXSourcesBuildPhase section */
		56288B6E2B4B02270057CD0A /* Sources */ = {
			isa = PBXSourcesBuildPhase;
			buildActionMask = 2147483647;
			files = (
				56288B782B4B02270057CD0A /* ContentView.swift in Sources */,
				56000CDD2B4CC4B000E5F927 /* LocationsListView.swift in Sources */,
				56288B762B4B02270057CD0A /* RomeAppApp.swift in Sources */,
				56288B972B4B023C0057CD0A /* LocationsViewModel.swift in Sources */,
				56288B942B4B023C0057CD0A /* LocationsView.swift in Sources */,
				56288B922B4B023C0057CD0A /* Location.swift in Sources */,
				56288B912B4B023C0057CD0A /* LocationsDataService.swift in Sources */,
			);
			runOnlyForDeploymentPostprocessing = 0;
		};
/* End PBXSourcesBuildPhase section */

/* Begin XCBuildConfiguration section */
		56288B7E2B4B02270057CD0A /* Debug */ = {
			isa = XCBuildConfiguration;
			buildSettings = {
				ALWAYS_SEARCH_USER_PATHS = NO;
				ASSETCATALOG_COMPILER_GENERATE_SWIFT_ASSET_SYMBOL_EXTENSIONS = YES;
				CLANG_ANALYZER_NONNULL = YES;
				CLANG_ANALYZER_NUMBER_OBJECT_CONVERSION = YES_AGGRESSIVE;
				CLANG_CXX_LANGUAGE_STANDARD = "gnu++20";
				CLANG_ENABLE_MODULES = YES;
				CLANG_ENABLE_OBJC_ARC = YES;
				CLANG_ENABLE_OBJC_WEAK = YES;
				CLANG_WARN_BLOCK_CAPTURE_AUTORELEASING = YES;
				CLANG_WARN_BOOL_CONVERSION = YES;
				CLANG_WARN_COMMA = YES;
				CLANG_WARN_CONSTANT_CONVERSION = YES;
				CLANG_WARN_DEPRECATED_OBJC_IMPLEMENTATIONS = YES;
				CLANG_WARN_DIRECT_OBJC_ISA_USAGE = YES_ERROR;
				CLANG_WARN_DOCUMENTATION_COMMENTS = YES;
				CLANG_WARN_EMPTY_BODY = YES;
				CLANG_WARN_ENUM_CONVERSION = YES;
				CLANG_WARN_INFINITE_RECURSION = YES;
				CLANG_WARN_INT_CONVERSION = YES;
				CLANG_WARN_NON_LITERAL_NULL_CONVERSION = YES;
				CLANG_WARN_OBJC_IMPLICIT_RETAIN_SELF = YES;
				CLANG_WARN_OBJC_LITERAL_CONVERSION = YES;
				CLANG_WARN_OBJC_ROOT_CLASS = YES_ERROR;
				CLANG_WARN_QUOTED_INCLUDE_IN_FRAMEWORK_HEADER = YES;
				CLANG_WARN_RANGE_LOOP_ANALYSIS = YES;
				CLANG_WARN_STRICT_PROTOTYPES = YES;
				CLANG_WARN_SUSPICIOUS_MOVE = YES;
				CLANG_WARN_UNGUARDED_AVAILABILITY = YES_AGGRESSIVE;
				CLANG_WARN_UNREACHABLE_CODE = YES;
				CLANG_WARN__DUPLICATE_METHOD_MATCH = YES;
				COPY_PHASE_STRIP = NO;
				DEBUG_INFORMATION_FORMAT = dwarf;
				ENABLE_STRICT_OBJC_MSGSEND = YES;
				ENABLE_TESTABILITY = YES;
				ENABLE_USER_SCRIPT_SANDBOXING = YES;
				GCC_C_LANGUAGE_STANDARD = gnu17;
				GCC_DYNAMIC_NO_PIC = NO;
				GCC_NO_COMMON_BLOCKS = YES;
				GCC_OPTIMIZATION_LEVEL = 0;
				GCC_PREPROCESSOR_DEFINITIONS = (
					"DEBUG=1",
					"$(inherited)",
				);
				GCC_WARN_64_TO_32_BIT_CONVERSION = YES;
				GCC_WARN_ABOUT_RETURN_TYPE = YES_ERROR;
				GCC_WARN_UNDECLARED_SELECTOR = YES;
				GCC_WARN_UNINITIALIZED_AUTOS = YES_AGGRESSIVE;
				GCC_WARN_UNUSED_FUNCTION = YES;
				GCC_WARN_UNUSED_VARIABLE = YES;
				IPHONEOS_DEPLOYMENT_TARGET = 17.2;
				LOCALIZATION_PREFERS_STRING_CATALOGS = YES;
				MTL_ENABLE_DEBUG_INFO = INCLUDE_SOURCE;
				MTL_FAST_MATH = YES;
				ONLY_ACTIVE_ARCH = YES;
				SDKROOT = iphoneos;
				SWIFT_ACTIVE_COMPILATION_CONDITIONS = "DEBUG $(inherited)";
				SWIFT_OPTIMIZATION_LEVEL = "-Onone";
			};
			name = Debug;
		};
		56288B7F2B4B02270057CD0A /* Release */ = {
			isa = XCBuildConfiguration;
			buildSettings = {
				ALWAYS_SEARCH_USER_PATHS = NO;
				ASSETCATALOG_COMPILER_GENERATE_SWIFT_ASSET_SYMBOL_EXTENSIONS = YES;
				CLANG_ANALYZER_NONNULL = YES;
				CLANG_ANALYZER_NUMBER_OBJECT_CONVERSION = YES_AGGRESSIVE;
				CLANG_CXX_LANGUAGE_STANDARD = "gnu++20";
				CLANG_ENABLE_MODULES = YES;
				CLANG_ENABLE_OBJC_ARC = YES;
				CLANG_ENABLE_OBJC_WEAK = YES;
				CLANG_WARN_BLOCK_CAPTURE_AUTORELEASING = YES;
				CLANG_WARN_BOOL_CONVERSION = YES;
				CLANG_WARN_COMMA = YES;
				CLANG_WARN_CONSTANT_CONVERSION = YES;
				CLANG_WARN_DEPRECATED_OBJC_IMPLEMENTATIONS = YES;
				CLANG_WARN_DIRECT_OBJC_ISA_USAGE = YES_ERROR;
				CLANG_WARN_DOCUMENTATION_COMMENTS = YES;
				CLANG_WARN_EMPTY_BODY = YES;
				CLANG_WARN_ENUM_CONVERSION = YES;
				CLANG_WARN_INFINITE_RECURSION = YES;
				CLANG_WARN_INT_CONVERSION = YES;
				CLANG_WARN_NON_LITERAL_NULL_CONVERSION = YES;
				CLANG_WARN_OBJC_IMPLICIT_RETAIN_SELF = YES;
				CLANG_WARN_OBJC_LITERAL_CONVERSION = YES;
				CLANG_WARN_OBJC_ROOT_CLASS = YES_ERROR;
				CLANG_WARN_QUOTED_INCLUDE_IN_FRAMEWORK_HEADER = YES;
				CLANG_WARN_RANGE_LOOP_ANALYSIS = YES;
				CLANG_WARN_STRICT_PROTOTYPES = YES;
				CLANG_WARN_SUSPICIOUS_MOVE = YES;
				CLANG_WARN_UNGUARDED_AVAILABILITY = YES_AGGRESSIVE;
				CLANG_WARN_UNREACHABLE_CODE = YES;
				CLANG_WARN__DUPLICATE_METHOD_MATCH = YES;
				COPY_PHASE_STRIP = NO;
				DEBUG_INFORMATION_FORMAT = "dwarf-with-dsym";
				ENABLE_NS_ASSERTIONS = NO;
				ENABLE_STRICT_OBJC_MSGSEND = YES;
				ENABLE_USER_SCRIPT_SANDBOXING = YES;
				GCC_C_LANGUAGE_STANDARD = gnu17;
				GCC_NO_COMMON_BLOCKS = YES;
				GCC_WARN_64_TO_32_BIT_CONVERSION = YES;
				GCC_WARN_ABOUT_RETURN_TYPE = YES_ERROR;
				GCC_WARN_UNDECLARED_SELECTOR = YES;
				GCC_WARN_UNINITIALIZED_AUTOS = YES_AGGRESSIVE;
				GCC_WARN_UNUSED_FUNCTION = YES;
				GCC_WARN_UNUSED_VARIABLE = YES;
				IPHONEOS_DEPLOYMENT_TARGET = 17.2;
				LOCALIZATION_PREFERS_STRING_CATALOGS = YES;
				MTL_ENABLE_DEBUG_INFO = NO;
				MTL_FAST_MATH = YES;
				SDKROOT = iphoneos;
				SWIFT_COMPILATION_MODE = wholemodule;
				VALIDATE_PRODUCT = YES;
			};
			name = Release;
		};
		56288B812B4B02270057CD0A /* Debug */ = {
			isa = XCBuildConfiguration;
			buildSettings = {
				ASSETCATALOG_COMPILER_APPICON_NAME = AppIcon;
				ASSETCATALOG_COMPILER_GLOBAL_ACCENT_COLOR_NAME = AccentColor;
				CODE_SIGN_STYLE = Automatic;
				CURRENT_PROJECT_VERSION = 1;
				DEVELOPMENT_ASSET_PATHS = "\"RomeApp/Preview Content\"";
				DEVELOPMENT_TEAM = 6H8GJ9L73A;
				ENABLE_PREVIEWS = YES;
				GENERATE_INFOPLIST_FILE = YES;
				INFOPLIST_KEY_UIApplicationSceneManifest_Generation = YES;
				INFOPLIST_KEY_UIApplicationSupportsIndirectInputEvents = YES;
				INFOPLIST_KEY_UILaunchScreen_Generation = YES;
				INFOPLIST_KEY_UISupportedInterfaceOrientations_iPad = "UIInterfaceOrientationPortrait UIInterfaceOrientationPortraitUpsideDown UIInterfaceOrientationLandscapeLeft UIInterfaceOrientationLandscapeRight";
				INFOPLIST_KEY_UISupportedInterfaceOrientations_iPhone = "UIInterfaceOrientationPortrait UIInterfaceOrientationLandscapeLeft UIInterfaceOrientationLandscapeRight";
				LD_RUNPATH_SEARCH_PATHS = (
					"$(inherited)",
					"@executable_path/Frameworks",
				);
				MARKETING_VERSION = 1.0;
				PRODUCT_BUNDLE_IDENTIFIER = stevie.RomeApp;
				PRODUCT_NAME = "$(TARGET_NAME)";
				SWIFT_EMIT_LOC_STRINGS = YES;
				SWIFT_VERSION = 5.0;
				TARGETED_DEVICE_FAMILY = "1,2";
			};
			name = Debug;
		};
		56288B822B4B02270057CD0A /* Release */ = {
			isa = XCBuildConfiguration;
			buildSettings = {
				ASSETCATALOG_COMPILER_APPICON_NAME = AppIcon;
				ASSETCATALOG_COMPILER_GLOBAL_ACCENT_COLOR_NAME = AccentColor;
				CODE_SIGN_STYLE = Automatic;
				CURRENT_PROJECT_VERSION = 1;
				DEVELOPMENT_ASSET_PATHS = "\"RomeApp/Preview Content\"";
				DEVELOPMENT_TEAM = 6H8GJ9L73A;
				ENABLE_PREVIEWS = YES;
				GENERATE_INFOPLIST_FILE = YES;
				INFOPLIST_KEY_UIApplicationSceneManifest_Generation = YES;
				INFOPLIST_KEY_UIApplicationSupportsIndirectInputEvents = YES;
				INFOPLIST_KEY_UILaunchScreen_Generation = YES;
				INFOPLIST_KEY_UISupportedInterfaceOrientations_iPad = "UIInterfaceOrientationPortrait UIInterfaceOrientationPortraitUpsideDown UIInterfaceOrientationLandscapeLeft UIInterfaceOrientationLandscapeRight";
				INFOPLIST_KEY_UISupportedInterfaceOrientations_iPhone = "UIInterfaceOrientationPortrait UIInterfaceOrientationLandscapeLeft UIInterfaceOrientationLandscapeRight";
				LD_RUNPATH_SEARCH_PATHS = (
					"$(inherited)",
					"@executable_path/Frameworks",
				);
				MARKETING_VERSION = 1.0;
				PRODUCT_BUNDLE_IDENTIFIER = stevie.RomeApp;
				PRODUCT_NAME = "$(TARGET_NAME)";
				SWIFT_EMIT_LOC_STRINGS = YES;
				SWIFT_VERSION = 5.0;
				TARGETED_DEVICE_FAMILY = "1,2";
			};
			name = Release;
		};
/* End XCBuildConfiguration section */

/* Begin XCConfigurationList section */
		56288B6D2B4B02260057CD0A /* Build configuration list for PBXProject "RomeApp" */ = {
			isa = XCConfigurationList;
			buildConfigurations = (
				56288B7E2B4B02270057CD0A /* Debug */,
				56288B7F2B4B02270057CD0A /* Release */,
			);
			defaultConfigurationIsVisible = 0;
			defaultConfigurationName = Release;
		};
		56288B802B4B02270057CD0A /* Build configuration list for PBXNativeTarget "RomeApp" */ = {
			isa = XCConfigurationList;
			buildConfigurations = (
				56288B812B4B02270057CD0A /* Debug */,
				56288B822B4B02270057CD0A /* Release */,
			);
			defaultConfigurationIsVisible = 0;
			defaultConfigurationName = Release;
		};
/* End XCConfigurationList section */
	};
	rootObject = 56288B6A2B4B02260057CD0A /* Project object */;
}
